
Microsoft Visual Studio Solution File, Format Version 12.00
# Visual Studio 15
VisualStudioVersion = 15.0.28307.421
MinimumVisualStudioVersion = 10.0.40219.1
Project("{FAE04EC0-301F-11D3-BF4B-00C04F79EFBC}") = "Carepoint", "Carepoint\Carepoint.csproj", "{F19F90A6-BEFF-4297-A92C-529019A363D0}"
EndProject
Global
	GlobalSection(SolutionConfigurationPlatforms) = preSolution
		Debug|Any CPU = Debug|Any CPU
		Release|Any CPU = Release|Any CPU
	EndGlobalSection
	GlobalSection(ProjectConfigurationPlatforms) = postSolution
		{F19F90A6-BEFF-4297-A92C-529019A363D0}.Debug|Any CPU.ActiveCfg = Debug|Any CPU
		{F19F90A6-BEFF-4297-A92C-529019A363D0}.Debug|Any CPU.Build.0 = Debug|Any CPU
		{F19F90A6-BEFF-4297-A92C-529019A363D0}.Release|Any CPU.ActiveCfg = Release|Any CPU
		{F19F90A6-BEFF-4297-A92C-529019A363D0}.Release|Any CPU.Build.0 = Release|Any CPU
	EndGlobalSection
	GlobalSection(SolutionProperties) = preSolution
		HideSolutionNode = FALSE
	EndGlobalSection
	GlobalSection(ExtensibilityGlobals) = postSolution
		SolutionGuid = {09863DD2-C2C9-48F6-820C-C3ACB5E40C9B}
	EndGlobalSection
EndGlobal
